
Microsoft Visual Studio Solution File, Format Version 12.00
# Visual Studio Version 16
VisualStudioVersion = 16.0.31129.286
MinimumVisualStudioVersion = 10.0.40219.1
Project("{888888A0-9F3D-457C-B088-3A5042F75D52}") = "MarchMadness", "MarchMadness\MarchMadness.pyproj", "{851554A0-867C-4F88-8F27-8F92876855D5}"
EndProject
Global
	GlobalSection(SolutionConfigurationPlatforms) = preSolution
		Debug|Any CPU = Debug|Any CPU
		Release|Any CPU = Release|Any CPU
	EndGlobalSection
	GlobalSection(ProjectConfigurationPlatforms) = postSolution
		{851554A0-867C-4F88-8F27-8F92876855D5}.Debug|Any CPU.ActiveCfg = Debug|Any CPU
		{851554A0-867C-4F88-8F27-8F92876855D5}.Release|Any CPU.ActiveCfg = Release|Any CPU
	EndGlobalSection
	GlobalSection(SolutionProperties) = preSolution
		HideSolutionNode = FALSE
	EndGlobalSection
	GlobalSection(ExtensibilityGlobals) = postSolution
		SolutionGuid = {CABA15C1-60CB-4CD6-ABCF-62169918CAD8}
	EndGlobalSection
EndGlobal
